// !$*UTF8*$!
{
	archiveVersion = 1;
	classes = {
	};
	objectVersion = 46;
	objects = {

/* Begin PBXBuildFile section */
		201D09331A42CAA30022B967 /* AppDelegate.swift in Sources */ = {isa = PBXBuildFile; fileRef = 201D09321A42CAA30022B967 /* AppDelegate.swift */; };
		201D09361A42CAA30022B967 /* LocciDev.xcdatamodeld in Sources */ = {isa = PBXBuildFile; fileRef = 201D09341A42CAA30022B967 /* LocciDev.xcdatamodeld */; };
		201D09381A42CAA30022B967 /* ViewController.swift in Sources */ = {isa = PBXBuildFile; fileRef = 201D09371A42CAA30022B967 /* ViewController.swift */; };
		201D093B1A42CAA30022B967 /* Main.storyboard in Resources */ = {isa = PBXBuildFile; fileRef = 201D09391A42CAA30022B967 /* Main.storyboard */; };
		201D093D1A42CAA30022B967 /* Images.xcassets in Resources */ = {isa = PBXBuildFile; fileRef = 201D093C1A42CAA30022B967 /* Images.xcassets */; };
		201D09401A42CAA30022B967 /* LaunchScreen.xib in Resources */ = {isa = PBXBuildFile; fileRef = 201D093E1A42CAA30022B967 /* LaunchScreen.xib */; };
		201D094C1A42CAA30022B967 /* LocciDevTests.swift in Sources */ = {isa = PBXBuildFile; fileRef = 201D094B1A42CAA30022B967 /* LocciDevTests.swift */; };
		204002B51A7F5F000092B835 /* MapKit.framework in Frameworks */ = {isa = PBXBuildFile; fileRef = 204002B41A7F5F000092B835 /* MapKit.framework */; };
		20654F5C1A4D28D300C24102 /* Notes.swift in Sources */ = {isa = PBXBuildFile; fileRef = 20654F5B1A4D28D300C24102 /* Notes.swift */; };
		20654F5E1A4D52B400C24102 /* CoreLocation.framework in Frameworks */ = {isa = PBXBuildFile; fileRef = 20654F5D1A4D52B400C24102 /* CoreLocation.framework */; };
		207C24861A5A272300FB9C52 /* CustomAnnotation.swift in Sources */ = {isa = PBXBuildFile; fileRef = 207C24851A5A272300FB9C52 /* CustomAnnotation.swift */; };
		2086C43B1A4BD2DF00DE2553 /* ViewNoteViewController.swift in Sources */ = {isa = PBXBuildFile; fileRef = 2086C43A1A4BD2DF00DE2553 /* ViewNoteViewController.swift */; };
		209D71511A49575200CD9015 /* EditNoteViewController.swift in Sources */ = {isa = PBXBuildFile; fileRef = 209D71501A49575200CD9015 /* EditNoteViewController.swift */; };
		20E518781A6E2C40009C917C /* EditGeoNoteViewController.swift in Sources */ = {isa = PBXBuildFile; fileRef = 20E518771A6E2C40009C917C /* EditGeoNoteViewController.swift */; };
		20ED9F6A1A440F2B00BD2CDD /* HomeScreenViewController.swift in Sources */ = {isa = PBXBuildFile; fileRef = 20ED9F691A440F2B00BD2CDD /* HomeScreenViewController.swift */; };
		20ED9F6C1A44251B00BD2CDD /* AddNoteViewController.swift in Sources */ = {isa = PBXBuildFile; fileRef = 20ED9F6B1A44251B00BD2CDD /* AddNoteViewController.swift */; };
/* End PBXBuildFile section */

/* Begin PBXContainerItemProxy section */
		201D09461A42CAA30022B967 /* PBXContainerItemProxy */ = {
			isa = PBXContainerItemProxy;
			containerPortal = 201D09251A42CAA30022B967 /* Project object */;
			proxyType = 1;
			remoteGlobalIDString = 201D092C1A42CAA30022B967;
			remoteInfo = LocciDev;
		};
/* End PBXContainerItemProxy section */

/* Begin PBXFileReference section */
		201D092D1A42CAA30022B967 /* Locci.app */ = {isa = PBXFileReference; explicitFileType = wrapper.application; includeInIndex = 0; path = Locci.app; sourceTree = BUILT_PRODUCTS_DIR; };
		201D09311A42CAA30022B967 /* Info.plist */ = {isa = PBXFileReference; lastKnownFileType = text.plist.xml; path = Info.plist; sourceTree = "<group>"; };
		201D09321A42CAA30022B967 /* AppDelegate.swift */ = {isa = PBXFileReference; lastKnownFileType = sourcecode.swift; path = AppDelegate.swift; sourceTree = "<group>"; };
		201D09351A42CAA30022B967 /* LocciDev.xcdatamodel */ = {isa = PBXFileReference; lastKnownFileType = wrapper.xcdatamodel; path = LocciDev.xcdatamodel; sourceTree = "<group>"; };
		201D09371A42CAA30022B967 /* ViewController.swift */ = {isa = PBXFileReference; lastKnownFileType = sourcecode.swift; path = ViewController.swift; sourceTree = "<group>"; };
		201D093A1A42CAA30022B967 /* Base */ = {isa = PBXFileReference; lastKnownFileType = file.storyboard; name = Base; path = Base.lproj/Main.storyboard; sourceTree = "<group>"; };
		201D093C1A42CAA30022B967 /* Images.xcassets */ = {isa = PBXFileReference; lastKnownFileType = folder.assetcatalog; path = Images.xcassets; sourceTree = "<group>"; };
		201D093F1A42CAA30022B967 /* Base */ = {isa = PBXFileReference; lastKnownFileType = file.xib; name = Base; path = Base.lproj/LaunchScreen.xib; sourceTree = "<group>"; };
		201D09451A42CAA30022B967 /* LocciDevTests.xctest */ = {isa = PBXFileReference; explicitFileType = wrapper.cfbundle; includeInIndex = 0; path = LocciDevTests.xctest; sourceTree = BUILT_PRODUCTS_DIR; };
		201D094A1A42CAA30022B967 /* Info.plist */ = {isa = PBXFileReference; lastKnownFileType = text.plist.xml; path = Info.plist; sourceTree = "<group>"; };
		201D094B1A42CAA30022B967 /* LocciDevTests.swift */ = {isa = PBXFileReference; lastKnownFileType = sourcecode.swift; path = LocciDevTests.swift; sourceTree = "<group>"; };
		204002B41A7F5F000092B835 /* MapKit.framework */ = {isa = PBXFileReference; lastKnownFileType = wrapper.framework; name = MapKit.framework; path = System/Library/Frameworks/MapKit.framework; sourceTree = SDKROOT; };
		204002B61A7F5F310092B835 /* LocciDev.entitlements */ = {isa = PBXFileReference; lastKnownFileType = text.xml; path = LocciDev.entitlements; sourceTree = "<group>"; };
		20654F5B1A4D28D300C24102 /* Notes.swift */ = {isa = PBXFileReference; fileEncoding = 4; lastKnownFileType = sourcecode.swift; path = Notes.swift; sourceTree = "<group>"; };
		20654F5D1A4D52B400C24102 /* CoreLocation.framework */ = {isa = PBXFileReference; lastKnownFileType = wrapper.framework; name = CoreLocation.framework; path = System/Library/Frameworks/CoreLocation.framework; sourceTree = SDKROOT; };
		207C24851A5A272300FB9C52 /* CustomAnnotation.swift */ = {isa = PBXFileReference; fileEncoding = 4; lastKnownFileType = sourcecode.swift; path = CustomAnnotation.swift; sourceTree = "<group>"; };
		2086C43A1A4BD2DF00DE2553 /* ViewNoteViewController.swift */ = {isa = PBXFileReference; fileEncoding = 4; lastKnownFileType = sourcecode.swift; path = ViewNoteViewController.swift; sourceTree = "<group>"; };
		209D71501A49575200CD9015 /* EditNoteViewController.swift */ = {isa = PBXFileReference; fileEncoding = 4; lastKnownFileType = sourcecode.swift; path = EditNoteViewController.swift; sourceTree = "<group>"; };
		20E518771A6E2C40009C917C /* EditGeoNoteViewController.swift */ = {isa = PBXFileReference; fileEncoding = 4; lastKnownFileType = sourcecode.swift; path = EditGeoNoteViewController.swift; sourceTree = "<group>"; };
		20ED9F691A440F2B00BD2CDD /* HomeScreenViewController.swift */ = {isa = PBXFileReference; fileEncoding = 4; lastKnownFileType = sourcecode.swift; path = HomeScreenViewController.swift; sourceTree = "<group>"; };
		20ED9F6B1A44251B00BD2CDD /* AddNoteViewController.swift */ = {isa = PBXFileReference; fileEncoding = 4; lastKnownFileType = sourcecode.swift; path = AddNoteViewController.swift; sourceTree = "<group>"; };
/* End PBXFileReference section */

/* Begin PBXFrameworksBuildPhase section */
		201D092A1A42CAA30022B967 /* Frameworks */ = {
			isa = PBXFrameworksBuildPhase;
			buildActionMask = 2147483647;
			files = (
				204002B51A7F5F000092B835 /* MapKit.framework in Frameworks */,
				20654F5E1A4D52B400C24102 /* CoreLocation.framework in Frameworks */,
			);
			runOnlyForDeploymentPostprocessing = 0;
		};
		201D09421A42CAA30022B967 /* Frameworks */ = {
			isa = PBXFrameworksBuildPhase;
			buildActionMask = 2147483647;
			files = (
			);
			runOnlyForDeploymentPostprocessing = 0;
		};
/* End PBXFrameworksBuildPhase section */

/* Begin PBXGroup section */
		201D09241A42CAA30022B967 = {
			isa = PBXGroup;
			children = (
				204002B41A7F5F000092B835 /* MapKit.framework */,
				20654F5D1A4D52B400C24102 /* CoreLocation.framework */,
				201D092F1A42CAA30022B967 /* LocciDev */,
				201D09481A42CAA30022B967 /* LocciDevTests */,
				201D092E1A42CAA30022B967 /* Products */,
			);
			sourceTree = "<group>";
		};
		201D092E1A42CAA30022B967 /* Products */ = {
			isa = PBXGroup;
			children = (
				201D092D1A42CAA30022B967 /* Locci.app */,
				201D09451A42CAA30022B967 /* LocciDevTests.xctest */,
			);
			name = Products;
			sourceTree = "<group>";
		};
		201D092F1A42CAA30022B967 /* LocciDev */ = {
			isa = PBXGroup;
			children = (
				204002B61A7F5F310092B835 /* LocciDev.entitlements */,
				20ED9F691A440F2B00BD2CDD /* HomeScreenViewController.swift */,
				201D09321A42CAA30022B967 /* AppDelegate.swift */,
				201D09371A42CAA30022B967 /* ViewController.swift */,
				201D09391A42CAA30022B967 /* Main.storyboard */,
				209D71501A49575200CD9015 /* EditNoteViewController.swift */,
				20ED9F6B1A44251B00BD2CDD /* AddNoteViewController.swift */,
				201D093C1A42CAA30022B967 /* Images.xcassets */,
				201D093E1A42CAA30022B967 /* LaunchScreen.xib */,
				201D09341A42CAA30022B967 /* LocciDev.xcdatamodeld */,
				201D09301A42CAA30022B967 /* Supporting Files */,
				2086C43A1A4BD2DF00DE2553 /* ViewNoteViewController.swift */,
				20654F5B1A4D28D300C24102 /* Notes.swift */,
				207C24851A5A272300FB9C52 /* CustomAnnotation.swift */,
				20E518771A6E2C40009C917C /* EditGeoNoteViewController.swift */,
			);
			path = LocciDev;
			sourceTree = "<group>";
		};
		201D09301A42CAA30022B967 /* Supporting Files */ = {
			isa = PBXGroup;
			children = (
				201D09311A42CAA30022B967 /* Info.plist */,
			);
			name = "Supporting Files";
			sourceTree = "<group>";
		};
		201D09481A42CAA30022B967 /* LocciDevTests */ = {
			isa = PBXGroup;
			children = (
				201D094B1A42CAA30022B967 /* LocciDevTests.swift */,
				201D09491A42CAA30022B967 /* Supporting Files */,
			);
			path = LocciDevTests;
			sourceTree = "<group>";
		};
		201D09491A42CAA30022B967 /* Supporting Files */ = {
			isa = PBXGroup;
			children = (
				201D094A1A42CAA30022B967 /* Info.plist */,
			);
			name = "Supporting Files";
			sourceTree = "<group>";
		};
/* End PBXGroup section */

/* Begin PBXNativeTarget section */
		201D092C1A42CAA30022B967 /* LocciDev */ = {
			isa = PBXNativeTarget;
			buildConfigurationList = 201D094F1A42CAA30022B967 /* Build configuration list for PBXNativeTarget "LocciDev" */;
			buildPhases = (
				201D09291A42CAA30022B967 /* Sources */,
				201D092A1A42CAA30022B967 /* Frameworks */,
				201D092B1A42CAA30022B967 /* Resources */,
			);
			buildRules = (
			);
			dependencies = (
			);
			name = LocciDev;
			productName = LocciDev;
			productReference = 201D092D1A42CAA30022B967 /* Locci.app */;
			productType = "com.apple.product-type.application";
		};
		201D09441A42CAA30022B967 /* LocciDevTests */ = {
			isa = PBXNativeTarget;
			buildConfigurationList = 201D09521A42CAA30022B967 /* Build configuration list for PBXNativeTarget "LocciDevTests" */;
			buildPhases = (
				201D09411A42CAA30022B967 /* Sources */,
				201D09421A42CAA30022B967 /* Frameworks */,
				201D09431A42CAA30022B967 /* Resources */,
			);
			buildRules = (
			);
			dependencies = (
				201D09471A42CAA30022B967 /* PBXTargetDependency */,
			);
			name = LocciDevTests;
			productName = LocciDevTests;
			productReference = 201D09451A42CAA30022B967 /* LocciDevTests.xctest */;
			productType = "com.apple.product-type.bundle.unit-test";
		};
/* End PBXNativeTarget section */

/* Begin PBXProject section */
		201D09251A42CAA30022B967 /* Project object */ = {
			isa = PBXProject;
			attributes = {
				LastUpgradeCheck = 0610;
				ORGANIZATIONNAME = "Karthikeyan Sreenivasan";
				TargetAttributes = {
					201D092C1A42CAA30022B967 = {
						CreatedOnToolsVersion = 6.1.1;
						DevelopmentTeam = 2SRPKL265J;
						SystemCapabilities = {
							com.apple.Maps.iOS = {
								enabled = 1;
							};
							com.apple.iCloud = {
								enabled = 0;
							};
						};
					};
					201D09441A42CAA30022B967 = {
						CreatedOnToolsVersion = 6.1.1;
						TestTargetID = 201D092C1A42CAA30022B967;
					};
				};
			};
			buildConfigurationList = 201D09281A42CAA30022B967 /* Build configuration list for PBXProject "Locci" */;
			compatibilityVersion = "Xcode 3.2";
			developmentRegion = English;
			hasScannedForEncodings = 0;
			knownRegions = (
				en,
				Base,
			);
			mainGroup = 201D09241A42CAA30022B967;
			productRefGroup = 201D092E1A42CAA30022B967 /* Products */;
			projectDirPath = "";
			projectRoot = "";
			targets = (
				201D092C1A42CAA30022B967 /* LocciDev */,
				201D09441A42CAA30022B967 /* LocciDevTests */,
			);
		};
/* End PBXProject section */

/* Begin PBXResourcesBuildPhase section */
		201D092B1A42CAA30022B967 /* Resources */ = {
			isa = PBXResourcesBuildPhase;
			buildActionMask = 2147483647;
			files = (
				201D093B1A42CAA30022B967 /* Main.storyboard in Resources */,
				201D09401A42CAA30022B967 /* LaunchScreen.xib in Resources */,
				201D093D1A42CAA30022B967 /* Images.xcassets in Resources */,
			);
			runOnlyForDeploymentPostprocessing = 0;
		};
		201D09431A42CAA30022B967 /* Resources */ = {
			isa = PBXResourcesBuildPhase;
			buildActionMask = 2147483647;
			files = (
			);
			runOnlyForDeploymentPostprocessing = 0;
		};
/* End PBXResourcesBuildPhase section */

/* Begin PBXSourcesBuildPhase section */
		201D09291A42CAA30022B967 /* Sources */ = {
			isa = PBXSourcesBuildPhase;
			buildActionMask = 2147483647;
			files = (
				20E518781A6E2C40009C917C /* EditGeoNoteViewController.swift in Sources */,
				201D09381A42CAA30022B967 /* ViewController.swift in Sources */,
				2086C43B1A4BD2DF00DE2553 /* ViewNoteViewController.swift in Sources */,
				207C24861A5A272300FB9C52 /* CustomAnnotation.swift in Sources */,
				20ED9F6A1A440F2B00BD2CDD /* HomeScreenViewController.swift in Sources */,
				201D09361A42CAA30022B967 /* LocciDev.xcdatamodeld in Sources */,
				20ED9F6C1A44251B00BD2CDD /* AddNoteViewController.swift in Sources */,
				209D71511A49575200CD9015 /* EditNoteViewController.swift in Sources */,
				201D09331A42CAA30022B967 /* AppDelegate.swift in Sources */,
				20654F5C1A4D28D300C24102 /* Notes.swift in Sources */,
			);
			runOnlyForDeploymentPostprocessing = 0;
		};
		201D09411A42CAA30022B967 /* Sources */ = {
			isa = PBXSourcesBuildPhase;
			buildActionMask = 2147483647;
			files = (
				201D094C1A42CAA30022B967 /* LocciDevTests.swift in Sources */,
			);
			runOnlyForDeploymentPostprocessing = 0;
		};
/* End PBXSourcesBuildPhase section */

/* Begin PBXTargetDependency section */
		201D09471A42CAA30022B967 /* PBXTargetDependency */ = {
			isa = PBXTargetDependency;
			target = 201D092C1A42CAA30022B967 /* LocciDev */;
			targetProxy = 201D09461A42CAA30022B967 /* PBXContainerItemProxy */;
		};
/* End PBXTargetDependency section */

/* Begin PBXVariantGroup section */
		201D09391A42CAA30022B967 /* Main.storyboard */ = {
			isa = PBXVariantGroup;
			children = (
				201D093A1A42CAA30022B967 /* Base */,
			);
			name = Main.storyboard;
			sourceTree = "<group>";
		};
		201D093E1A42CAA30022B967 /* LaunchScreen.xib */ = {
			isa = PBXVariantGroup;
			children = (
				201D093F1A42CAA30022B967 /* Base */,
			);
			name = LaunchScreen.xib;
			sourceTree = "<group>";
		};
/* End PBXVariantGroup section */

/* Begin XCBuildConfiguration section */
		201D094D1A42CAA30022B967 /* Debug */ = {
			isa = XCBuildConfiguration;
			buildSettings = {
				ALWAYS_SEARCH_USER_PATHS = NO;
				CLANG_CXX_LANGUAGE_STANDARD = "gnu++0x";
				CLANG_CXX_LIBRARY = "libc++";
				CLANG_ENABLE_MODULES = YES;
				CLANG_ENABLE_OBJC_ARC = YES;
				CLANG_WARN_BOOL_CONVERSION = YES;
				CLANG_WARN_CONSTANT_CONVERSION = YES;
				CLANG_WARN_DIRECT_OBJC_ISA_USAGE = YES_ERROR;
				CLANG_WARN_EMPTY_BODY = YES;
				CLANG_WARN_ENUM_CONVERSION = YES;
				CLANG_WARN_INT_CONVERSION = YES;
				CLANG_WARN_OBJC_ROOT_CLASS = YES_ERROR;
				CLANG_WARN_UNREACHABLE_CODE = YES;
				CLANG_WARN__DUPLICATE_METHOD_MATCH = YES;
				"CODE_SIGN_IDENTITY[sdk=iphoneos*]" = "iPhone Developer";
				COPY_PHASE_STRIP = NO;
				ENABLE_STRICT_OBJC_MSGSEND = YES;
				GCC_C_LANGUAGE_STANDARD = gnu99;
				GCC_DYNAMIC_NO_PIC = NO;
				GCC_OPTIMIZATION_LEVEL = 0;
				GCC_PREPROCESSOR_DEFINITIONS = (
					"DEBUG=1",
					"$(inherited)",
				);
				GCC_SYMBOLS_PRIVATE_EXTERN = NO;
				GCC_WARN_64_TO_32_BIT_CONVERSION = YES;
				GCC_WARN_ABOUT_RETURN_TYPE = YES_ERROR;
				GCC_WARN_UNDECLARED_SELECTOR = YES;
				GCC_WARN_UNINITIALIZED_AUTOS = YES_AGGRESSIVE;
				GCC_WARN_UNUSED_FUNCTION = YES;
				GCC_WARN_UNUSED_VARIABLE = YES;
				IPHONEOS_DEPLOYMENT_TARGET = 8.1;
				MTL_ENABLE_DEBUG_INFO = YES;
				ONLY_ACTIVE_ARCH = YES;
				SDKROOT = iphoneos;
				SWIFT_OPTIMIZATION_LEVEL = "-Onone";
			};
			name = Debug;
		};
		201D094E1A42CAA30022B967 /* Release */ = {
			isa = XCBuildConfiguration;
			buildSettings = {
				ALWAYS_SEARCH_USER_PATHS = NO;
				CLANG_CXX_LANGUAGE_STANDARD = "gnu++0x";
				CLANG_CXX_LIBRARY = "libc++";
				CLANG_ENABLE_MODULES = YES;
				CLANG_ENABLE_OBJC_ARC = YES;
				CLANG_WARN_BOOL_CONVERSION = YES;
				CLANG_WARN_CONSTANT_CONVERSION = YES;
				CLANG_WARN_DIRECT_OBJC_ISA_USAGE = YES_ERROR;
				CLANG_WARN_EMPTY_BODY = YES;
				CLANG_WARN_ENUM_CONVERSION = YES;
				CLANG_WARN_INT_CONVERSION = YES;
				CLANG_WARN_OBJC_ROOT_CLASS = YES_ERROR;
				CLANG_WARN_UNREACHABLE_CODE = YES;
				CLANG_WARN__DUPLICATE_METHOD_MATCH = YES;
				"CODE_SIGN_IDENTITY[sdk=iphoneos*]" = "iPhone Developer";
				COPY_PHASE_STRIP = YES;
				ENABLE_NS_ASSERTIONS = NO;
				ENABLE_STRICT_OBJC_MSGSEND = YES;
				GCC_C_LANGUAGE_STANDARD = gnu99;
				GCC_WARN_64_TO_32_BIT_CONVERSION = YES;
				GCC_WARN_ABOUT_RETURN_TYPE = YES_ERROR;
				GCC_WARN_UNDECLARED_SELECTOR = YES;
				GCC_WARN_UNINITIALIZED_AUTOS = YES_AGGRESSIVE;
				GCC_WARN_UNUSED_FUNCTION = YES;
				GCC_WARN_UNUSED_VARIABLE = YES;
				IPHONEOS_DEPLOYMENT_TARGET = 8.1;
				MTL_ENABLE_DEBUG_INFO = NO;
				SDKROOT = iphoneos;
				VALIDATE_PRODUCT = YES;
			};
			name = Release;
		};
		201D09501A42CAA30022B967 /* Debug */ = {
			isa = XCBuildConfiguration;
			buildSettings = {
				ASSETCATALOG_COMPILER_APPICON_NAME = AppIcon;
				CODE_SIGN_IDENTITY = "iPhone Developer";
				"CODE_SIGN_IDENTITY[sdk=iphoneos*]" = "iPhone Developer";
				INFOPLIST_FILE = LocciDev/Info.plist;
				IPHONEOS_DEPLOYMENT_TARGET = 8.1;
				LD_RUNPATH_SEARCH_PATHS = "$(inherited) @executable_path/Frameworks";
				PRODUCT_NAME = Locci;
				PROVISIONING_PROFILE = "";
			};
			name = Debug;
		};
		201D09511A42CAA30022B967 /* Release */ = {
			isa = XCBuildConfiguration;
			buildSettings = {
				ASSETCATALOG_COMPILER_APPICON_NAME = AppIcon;
				CODE_SIGN_IDENTITY = "iPhone Developer";
				"CODE_SIGN_IDENTITY[sdk=iphoneos*]" = "iPhone Developer";
				INFOPLIST_FILE = LocciDev/Info.plist;
				IPHONEOS_DEPLOYMENT_TARGET = 8.1;
				LD_RUNPATH_SEARCH_PATHS = "$(inherited) @executable_path/Frameworks";
				PRODUCT_NAME = Locci;
				PROVISIONING_PROFILE = "";
			};
			name = Release;
		};
		201D09531A42CAA30022B967 /* Debug */ = {
			isa = XCBuildConfiguration;
			buildSettings = {
				BUNDLE_LOADER = "$(TEST_HOST)";
				FRAMEWORK_SEARCH_PATHS = (
					"$(SDKROOT)/Developer/Library/Frameworks",
					"$(inherited)",
				);
				GCC_PREPROCESSOR_DEFINITIONS = (
					"DEBUG=1",
					"$(inherited)",
				);
				INFOPLIST_FILE = LocciDevTests/Info.plist;
				LD_RUNPATH_SEARCH_PATHS = "$(inherited) @executable_path/Frameworks @loader_path/Frameworks";
				PRODUCT_NAME = LocciDevTests;
				TEST_HOST = "$(BUILT_PRODUCTS_DIR)/LocciDev.app/LocciDev";
			};
			name = Debug;
		};
		201D09541A42CAA30022B967 /* Release */ = {
			isa = XCBuildConfiguration;
			buildSettings = {
				BUNDLE_LOADER = "$(TEST_HOST)";
				FRAMEWORK_SEARCH_PATHS = (
					"$(SDKROOT)/Developer/Library/Frameworks",
					"$(inherited)",
				);
				INFOPLIST_FILE = LocciDevTests/Info.plist;
				LD_RUNPATH_SEARCH_PATHS = "$(inherited) @executable_path/Frameworks @loader_path/Frameworks";
				PRODUCT_NAME = LocciDevTests;
				TEST_HOST = "$(BUILT_PRODUCTS_DIR)/LocciDev.app/LocciDev";
			};
			name = Release;
		};
/* End XCBuildConfiguration section */

/* Begin XCConfigurationList section */
		201D09281A42CAA30022B967 /* Build configuration list for PBXProject "Locci" */ = {
			isa = XCConfigurationList;
			buildConfigurations = (
				201D094D1A42CAA30022B967 /* Debug */,
				201D094E1A42CAA30022B967 /* Release */,
			);
			defaultConfigurationIsVisible = 0;
			defaultConfigurationName = Release;
		};
		201D094F1A42CAA30022B967 /* Build configuration list for PBXNativeTarget "LocciDev" */ = {
			isa = XCConfigurationList;
			buildConfigurations = (
				201D09501A42CAA30022B967 /* Debug */,
				201D09511A42CAA30022B967 /* Release */,
			);
			defaultConfigurationIsVisible = 0;
			defaultConfigurationName = Release;
		};
		201D09521A42CAA30022B967 /* Build configuration list for PBXNativeTarget "LocciDevTests" */ = {
			isa = XCConfigurationList;
			buildConfigurations = (
				201D09531A42CAA30022B967 /* Debug */,
				201D09541A42CAA30022B967 /* Release */,
			);
			defaultConfigurationIsVisible = 0;
			defaultConfigurationName = Release;
		};
/* End XCConfigurationList section */

/* Begin XCVersionGroup section */
		201D09341A42CAA30022B967 /* LocciDev.xcdatamodeld */ = {
			isa = XCVersionGroup;
			children = (
				201D09351A42CAA30022B967 /* LocciDev.xcdatamodel */,
			);
			currentVersion = 201D09351A42CAA30022B967 /* LocciDev.xcdatamodel */;
			path = LocciDev.xcdatamodeld;
			sourceTree = "<group>";
			versionGroupType = wrapper.xcdatamodel;
		};
/* End XCVersionGroup section */
	};
	rootObject = 201D09251A42CAA30022B967 /* Project object */;
}
